
Microsoft Visual Studio Solution File, Format Version 12.00
# Visual Studio Version 16
VisualStudioVersion = 16.0.32510.428
MinimumVisualStudioVersion = 10.0.40219.1
Project("{FAE04EC0-301F-11D3-BF4B-00C04F79EFBC}") = "ConsoleApp11", "ConsoleApp11.csproj", "{2112FF99-3C11-4A62-907A-984611783E63}"
EndProject
Global
	GlobalSection(SolutionConfigurationPlatforms) = preSolution
		Debug|Any CPU = Debug|Any CPU
		Release|Any CPU = Release|Any CPU
	EndGlobalSection
	GlobalSection(ProjectConfigurationPlatforms) = postSolution
		{2112FF99-3C11-4A62-907A-984611783E63}.Debug|Any CPU.ActiveCfg = Debug|Any CPU
		{2112FF99-3C11-4A62-907A-984611783E63}.Debug|Any CPU.Build.0 = Debug|Any CPU
		{2112FF99-3C11-4A62-907A-984611783E63}.Release|Any CPU.ActiveCfg = Release|Any CPU
		{2112FF99-3C11-4A62-907A-984611783E63}.Release|Any CPU.Build.0 = Release|Any CPU
	EndGlobalSection
	GlobalSection(SolutionProperties) = preSolution
		HideSolutionNode = FALSE
	EndGlobalSection
	GlobalSection(ExtensibilityGlobals) = postSolution
		SolutionGuid = {6C7F89C2-0B16-45B6-A4C7-5CE4A83F127B}
	EndGlobalSection
EndGlobal
